
Microsoft Visual Studio Solution File, Format Version 12.00
# Visual Studio Version 17
VisualStudioVersion = 17.6.33712.159
MinimumVisualStudioVersion = 10.0.40219.1
Project("{FAE04EC0-301F-11D3-BF4B-00C04F79EFBC}") = "TechnicalInterview", "TechnicalInterview.csproj", "{8C11445C-F546-4FA9-9CC5-6DAE9AB3BF88}"
EndProject
Global
	GlobalSection(SolutionConfigurationPlatforms) = preSolution
		Debug|Any CPU = Debug|Any CPU
		Release|Any CPU = Release|Any CPU
	EndGlobalSection
	GlobalSection(ProjectConfigurationPlatforms) = postSolution
		{8C11445C-F546-4FA9-9CC5-6DAE9AB3BF88}.Debug|Any CPU.ActiveCfg = Debug|Any CPU
		{8C11445C-F546-4FA9-9CC5-6DAE9AB3BF88}.Debug|Any CPU.Build.0 = Debug|Any CPU
		{8C11445C-F546-4FA9-9CC5-6DAE9AB3BF88}.Release|Any CPU.ActiveCfg = Release|Any CPU
		{8C11445C-F546-4FA9-9CC5-6DAE9AB3BF88}.Release|Any CPU.Build.0 = Release|Any CPU
	EndGlobalSection
	GlobalSection(SolutionProperties) = preSolution
		HideSolutionNode = FALSE
	EndGlobalSection
	GlobalSection(ExtensibilityGlobals) = postSolution
		SolutionGuid = {BD477129-83F5-4E99-A268-8F5893234083}
	EndGlobalSection
EndGlobal
